# This file is automatically @generated by Cargo.
# It is not intended for manual editing.
version = 3

[[package]]
name = "bootloader"
version = "0.1.0"
dependencies = [
 "elf-loader",
]

[[package]]
name = "elf-loader"
version = "0.2.1"
source = "git+https://github.com/nightloewe1/elf-loader#cbe4aa4665ab1cd9115ecd9588a2a557d5a3e78c"
